lockfileVersion: '9.0'

settings:
  autoInstallPeers: true
  excludeLinksFromLockfile: false

importers:

  .:
    dependencies:
      commander:
        specifier: ^13.1.0
        version: 13.1.0
      ink:
        specifier: ^4.4.1
        version: 4.4.1(@types/react@18.3.18)(react@18.3.1)
      ink-select-input:
        specifier: ^5.0.0
        version: 5.0.0(ink@4.4.1(@types/react@18.3.18)(react@18.3.1))(react@18.3.1)
      ink-spinner:
        specifier: ^5.0.0
        version: 5.0.0(ink@4.4.1(@types/react@18.3.18)(react@18.3.1))(react@18.3.1)
      ink-text-input:
        specifier: ^5.0.0
        version: 5.0.1(ink@4.4.1(@types/react@18.3.18)(react@18.3.1))(react@18.3.1)
      node-hid:
        specifier: ^3.1.2
        version: 3.1.2
      react:
        specifier: ^18.2.0
        version: 18.3.1
    devDependencies:
      '@types/node':
        specifier: ^20.10.4
        version: 20.17.17
      '@types/node-hid':
        specifier: ^1.3.4
        version: 1.3.4
      '@types/react':
        specifier: ^18.2.45
        version: 18.3.18
      typescript:
        specifier: ^5.3.3
        version: 5.7.3

packages:

  '@alcalzone/ansi-tokenize@0.1.3':
    resolution: {integrity: sha512-3yWxPTq3UQ/FY9p1ErPxIyfT64elWaMvM9lIHnaqpyft63tkxodF5aUElYHrdisWve5cETkh1+KBw1yJuW0aRw==}
    engines: {node: '>=14.13.1'}

  '@types/node-hid@1.3.4':
    resolution: {integrity: sha512-0ootpsYetN9vjqkDSwm/cA4fk/9yGM/PO0X8SLPE/BzXlUaBelImMWMymtF9QEoEzxY0pnhcROIJM0CNSUqO8w==}

  '@types/node@20.17.17':
    resolution: {integrity: sha512-/WndGO4kIfMicEQLTi/mDANUu/iVUhT7KboZPdEqqHQ4aTS+3qT3U5gIqWDFV+XouorjfgGqvKILJeHhuQgFYg==}

  '@types/prop-types@15.7.14':
    resolution: {integrity: sha512-gNMvNH49DJ7OJYv+KAKn0Xp45p8PLl6zo2YnvDIbTd4J6MER2BmWN49TG7n9LvkyihINxeKW8+3bfS2yDC9dzQ==}

  '@types/react@18.3.18':
    resolution: {integrity: sha512-t4yC+vtgnkYjNSKlFx1jkAhH8LgTo2N/7Qvi83kdEaUtMDiwpbLAktKDaAMlRcJ5eSxZkH74eEGt1ky31d7kfQ==}

  ansi-escapes@6.2.1:
    resolution: {integrity: sha512-4nJ3yixlEthEJ9Rk4vPcdBRkZvQZlYyu8j4/Mqz5sgIkddmEnH2Yj2ZrnP9S3tQOvSNRUIgVNF/1yPpRAGNRig==}
    engines: {node: '>=14.16'}

  ansi-regex@5.0.1:
    resolution: {integrity: sha512-quJQXlTSUGL2LH9SUXo8VwsY4soanhgo6LNSm84E1LBcE8s3O0wpdiRzyR9z/ZZJMlMWv37qOOb9pdJlMUEKFQ==}
    engines: {node: '>=8'}

  ansi-regex@6.1.0:
    resolution: {integrity: sha512-7HSX4QQb4CspciLpVFwyRe79O3xsIZDDLER21kERQ71oaPodF8jL725AgJMFAYbooIqolJoRLuM81SpeUkpkvA==}
    engines: {node: '>=12'}

  ansi-styles@4.3.0:
    resolution: {integrity: sha512-zbB9rCJAT1rbjiVDb2hqKFHNYLxgtk8NURxZ3IZwD3F6NtxbXZQCnnSi1Lkx+IDohdPlFp222wVALIheZJQSEg==}
    engines: {node: '>=8'}

  ansi-styles@6.2.1:
    resolution: {integrity: sha512-bN798gFfQX+viw3R7yrGWRqnrN2oRkEkUjjl4JNn4E8GxxbjtG3FbrEIIY3l8/hrwUwIeCZvi4QuOTP4MErVug==}
    engines: {node: '>=12'}

  arr-rotate@1.0.0:
    resolution: {integrity: sha512-yOzOZcR9Tn7enTF66bqKorGGH0F36vcPaSWg8fO0c0UYb3LX3VMXj5ZxEqQLNOecAhlRJ7wYZja5i4jTlnbIfQ==}
    engines: {node: '>=4'}

  auto-bind@5.0.1:
    resolution: {integrity: sha512-ooviqdwwgfIfNmDwo94wlshcdzfO64XV0Cg6oDsDYBJfITDz1EngD2z7DkbvCWn+XIMsIqW27sEVF6qcpJrRcg==}
    engines: {node: ^12.20.0 || ^14.13.1 || >=16.0.0}

  chalk@5.4.1:
    resolution: {integrity: sha512-zgVZuo2WcZgfUEmsn6eO3kINexW8RAE4maiQ8QNs8CtpPCSyMiYsULR3HQYkm3w8FIA3SberyMJMSldGsW+U3w==}
    engines: {node: ^12.17.0 || ^14.13 || >=16.0.0}

  ci-info@3.9.0:
    resolution: {integrity: sha512-NIxF55hv4nSqQswkAeiOi1r83xy8JldOFDTWiug55KBu9Jnblncd2U6ViHmYgHf01TPZS77NJBhBMKdWj9HQMQ==}
    engines: {node: '>=8'}

  cli-boxes@3.0.0:
    resolution: {integrity: sha512-/lzGpEWL/8PfI0BmBOPRwp0c/wFNX1RdUML3jK/RcSBA9T8mZDdQpqYBKtCFTOfQbwPqWEOpjqW+Fnayc0969g==}
    engines: {node: '>=10'}

  cli-cursor@4.0.0:
    resolution: {integrity: sha512-VGtlMu3x/4DOtIUwEkRezxUZ2lBacNJCHash0N0WeZDBS+7Ux1dm3XWAgWYxLJFMMdOeXMHXorshEFhbMSGelg==}
    engines: {node: ^12.20.0 || ^14.13.1 || >=16.0.0}

  cli-spinners@2.9.2:
    resolution: {integrity: sha512-ywqV+5MmyL4E7ybXgKys4DugZbX0FC6LnwrhjuykIjnK9k8OQacQ7axGKnjDXWNhns0xot3bZI5h55H8yo9cJg==}
    engines: {node: '>=6'}

  cli-truncate@3.1.0:
    resolution: {integrity: sha512-wfOBkjXteqSnI59oPcJkcPl/ZmwvMMOj340qUIY1SKZCv0B9Cf4D4fAucRkIKQmsIuYK3x1rrgU7MeGRruiuiA==}
    engines: {node: ^12.20.0 || ^14.13.1 || >=16.0.0}

  cliui@8.0.1:
    resolution: {integrity: sha512-BSeNnyus75C4//NQ9gQt1/csTXyo/8Sb+afLAkzAptFuMsod9HFokGNudZpi/oQV73hnVK+sR+5PVRMd+Dr7YQ==}
    engines: {node: '>=12'}

  code-excerpt@4.0.0:
    resolution: {integrity: sha512-xxodCmBen3iy2i0WtAK8FlFNrRzjUqjRsMfho58xT/wvZU1YTM3fCnRjcy1gJPMepaRlgm/0e6w8SpWHpn3/cA==}
    engines: {node: ^12.20.0 || ^14.13.1 || >=16.0.0}

  color-convert@2.0.1:
    resolution: {integrity: sha512-RRECPsj7iu/xb5oKYcsFHSppFNnsj/52OVTRKb4zP5onXwVF3zVmmToNcOfGC+CRDpfK/U584fMg38ZHCaElKQ==}
    engines: {node: '>=7.0.0'}

  color-name@1.1.4:
    resolution: {integrity: sha512-dOy+3AuW3a2wNbZHIuMZpTcgjGuLU/uBL/ubcZF9OXbDo8ff4O8yVp5Bf0efS8uEoYo5q4Fx7dY9OgQGXgAsQA==}

  commander@13.1.0:
    resolution: {integrity: sha512-/rFeCpNJQbhSZjGVwO9RFV3xPqbnERS8MmIQzCtD/zl6gpJuV/bMLuN92oG3F7d8oDEHHRrujSXNUr8fpjntKw==}
    engines: {node: '>=18'}

  convert-to-spaces@2.0.1:
    resolution: {integrity: sha512-rcQ1bsQO9799wq24uE5AM2tAILy4gXGIK/njFWcVQkGNZ96edlpY+A7bjwvzjYvLDyzmG1MmMLZhpcsb+klNMQ==}
    engines: {node: ^12.20.0 || ^14.13.1 || >=16.0.0}

  csstype@3.1.3:
    resolution: {integrity: sha512-M1uQkMl8rQK/szD0LNhtqxIPLpimGm8sOBwU7lLnCpSbTyY3yeU1Vc7l4KT5zT4s/yOxHH5O7tIuuLOCnLADRw==}

  eastasianwidth@0.2.0:
    resolution: {integrity: sha512-I88TYZWc9XiYHRQ4/3c5rjjfgkjhLyW2luGIheGERbNQ6OY7yTybanSpDXZa8y7VUP9YmDcYa+eyq4ca7iLqWA==}

  emoji-regex@8.0.0:
    resolution: {integrity: sha512-MSjYzcWNOA0ewAHpz0MxpYFvwg6yjy1NG3xteoqz644VCo/RPgnr1/GGt+ic3iJTzQ8Eu3TdM14SawnVUmGE6A==}

  emoji-regex@9.2.2:
    resolution: {integrity: sha512-L18DaJsXSUk2+42pv8mLs5jJT2hqFkFE4j21wOmgbUqsZ2hL72NsUU785g9RXgo3s0ZNgVl42TiHp3ZtOv/Vyg==}

  escalade@3.2.0:
    resolution: {integrity: sha512-WUj2qlxaQtO4g6Pq5c29GTcWGDyd8itL8zTlipgECz3JesAiiOKotd8JU6otB3PACgG6xkJUyVhboMS+bje/jA==}
    engines: {node: '>=6'}

  escape-string-regexp@2.0.0:
    resolution: {integrity: sha512-UpzcLCXolUWcNu5HtVMHYdXJjArjsF9C0aNnquZYY4uW/Vu0miy5YoWvbV345HauVvcAUnpRuhMMcqTcGOY2+w==}
    engines: {node: '>=8'}

  escape-string-regexp@5.0.0:
    resolution: {integrity: sha512-/veY75JbMK4j1yjvuUxuVsiS/hr/4iHs9FTT6cgTexxdE0Ly/glccBAkloH/DofkjRbZU3bnoj38mOmhkZ0lHw==}
    engines: {node: '>=12'}

  figures@5.0.0:
    resolution: {integrity: sha512-ej8ksPF4x6e5wvK9yevct0UCXh8TTFlWGVLlgjZuoBH1HwjIfKE/IdL5mq89sFA7zELi1VhKpmtDnrs7zWyeyg==}
    engines: {node: '>=14'}

  get-caller-file@2.0.5:
    resolution: {integrity: sha512-DyFP3BM/3YHTQOCUL/w0OZHR0lpKeGrxotcHWcqNEdnltqFwXVfhEBQ94eIo34AfQpo0rGki4cyIiftY06h2Fg==}
    engines: {node: 6.* || 8.* || >= 10.*}

  indent-string@5.0.0:
    resolution: {integrity: sha512-m6FAo/spmsW2Ab2fU35JTYwtOKa2yAwXSwgjSv1TJzh4Mh7mC3lzAOVLBprb72XsTrgkEIsl7YrFNAiDiRhIGg==}
    engines: {node: '>=12'}

  ink-select-input@5.0.0:
    resolution: {integrity: sha512-VkLEogN3KTgAc0W/u9xK3+44x8JyKfmBvPQyvniJ/Hj0ftg9vWa/YecvZirevNv2SAvgoA2GIlTLCQouzgPKDg==}
    engines: {node: '>=14.16'}
    peerDependencies:
      ink: ^4.0.0
      react: ^18.0.0

  ink-spinner@5.0.0:
    resolution: {integrity: sha512-EYEasbEjkqLGyPOUc8hBJZNuC5GvXGMLu0w5gdTNskPc7Izc5vO3tdQEYnzvshucyGCBXc86ig0ujXPMWaQCdA==}
    engines: {node: '>=14.16'}
    peerDependencies:
      ink: '>=4.0.0'
      react: '>=18.0.0'

  ink-text-input@5.0.1:
    resolution: {integrity: sha512-crnsYJalG4EhneOFnr/q+Kzw1RgmXI2KsBaLFE6mpiIKxAtJLUnvygOF2IUKO8z4nwkSkveGRBMd81RoYdRSag==}
    engines: {node: '>=14.16'}
    peerDependencies:
      ink: ^4.0.0
      react: ^18.0.0

  ink@4.4.1:
    resolution: {integrity: sha512-rXckvqPBB0Krifk5rn/5LvQGmyXwCUpBfmTwbkQNBY9JY8RSl3b8OftBNEYxg4+SWUhEKcPifgope28uL9inlA==}
    engines: {node: '>=14.16'}
    peerDependencies:
      '@types/react': '>=18.0.0'
      react: '>=18.0.0'
      react-devtools-core: ^4.19.1
    peerDependenciesMeta:
      '@types/react':
        optional: true
      react-devtools-core:
        optional: true

  is-ci@3.0.1:
    resolution: {integrity: sha512-ZYvCgrefwqoQ6yTyYUbQu64HsITZ3NfKX1lzaEYdkTDcfKzzCI/wthRRYKkdjHKFVgNiXKAKm65Zo1pk2as/QQ==}
    hasBin: true

  is-fullwidth-code-point@3.0.0:
    resolution: {integrity: sha512-zymm5+u+sCsSWyD9qNaejV3DFvhCKclKdizYaJUuHA83RLjb7nSuGnddCHGv0hk+KY7BMAlsWeK4Ueg6EV6XQg==}
    engines: {node: '>=8'}

  is-fullwidth-code-point@4.0.0:
    resolution: {integrity: sha512-O4L094N2/dZ7xqVdrXhh9r1KODPJpFms8B5sGdJLPy664AgvXsreZUyCQQNItZRDlYug4xStLjNp/sz3HvBowQ==}
    engines: {node: '>=12'}

  is-lower-case@2.0.2:
    resolution: {integrity: sha512-bVcMJy4X5Og6VZfdOZstSexlEy20Sr0k/p/b2IlQJlfdKAQuMpiv5w2Ccxb8sKdRUNAG1PnHVHjFSdRDVS6NlQ==}

  is-unicode-supported@1.3.0:
    resolution: {integrity: sha512-43r2mRvz+8JRIKnWJ+3j8JtjRKZ6GmjzfaE/qiBJnikNnYv/6bagRJ1kUhNk8R5EX/GkobD+r+sfxCPJsiKBLQ==}
    engines: {node: '>=12'}

  is-upper-case@2.0.2:
    resolution: {integrity: sha512-44pxmxAvnnAOwBg4tHPnkfvgjPwbc5QIsSstNU+YcJ1ovxVzCWpSGosPJOZh/a1tdl81fbgnLc9LLv+x2ywbPQ==}

  js-tokens@4.0.0:
    resolution: {integrity: sha512-RdJUflcE3cUzKiMqQgsCu06FPu9UdIJO0beYbPhHN4k6apgJtifcoCtT9bcxOpYBtpD2kCM6Sbzg4CausW/PKQ==}

  lodash.isequal@4.5.0:
    resolution: {integrity: sha512-pDo3lu8Jhfjqls6GkMgpahsF9kCyayhgykjyLMNFTKWrpVdAQtYyB4muAMWozBB4ig/dtWAmsMxLEI8wuz+DYQ==}
    deprecated: This package is deprecated. Use require('node:util').isDeepStrictEqual instead.

  lodash@4.17.21:
    resolution: {integrity: sha512-v2kDEe57lecTulaDIuNTPy3Ry4gLGJ6Z1O3vE1krgXZNrsQ+LFTGHVxVjcXPs17LhbZVGedAJv8XZ1tvj5FvSg==}

  loose-envify@1.4.0:
    resolution: {integrity: sha512-lyuxPGr/Wfhrlem2CL/UcnUc1zcqKAImBDzukY7Y5F/yQiNdko6+fRLevlw1HgMySw7f611UIY408EtxRSoK3Q==}
    hasBin: true

  mimic-fn@2.1.0:
    resolution: {integrity: sha512-OqbOk5oEQeAZ8WXWydlu9HJjz9WVdEIvamMCcXmuqUYjTknH/sqsWvhQ3vgwKFRR1HpjvNBKQ37nbJgYzGqGcg==}
    engines: {node: '>=6'}

  node-addon-api@3.2.1:
    resolution: {integrity: sha512-mmcei9JghVNDYydghQmeDX8KoAm0FAiYyIcUt/N4nhyAipB17pllZQDOJD2fotxABnt4Mdz+dKTO7eftLg4d0A==}

  node-hid@3.1.2:
    resolution: {integrity: sha512-5uBl8V4mmBWbeqsVfRvbsrlDBBxwzsC5k6gMVF5wOM2ZVyXUHG2zrfotIC6i+QM5ZCsDShaWsiJZOSdzPvsP+g==}
    engines: {node: '>=10.16'}
    hasBin: true

  onetime@5.1.2:
    resolution: {integrity: sha512-kbpaSSGJTWdAY5KPVeMOKXSrPtr8C8C7wodJbcsd51jRnmD+GZu8Y0VoU6Dm5Z4vWr0Ig/1NKuWRKf7j5aaYSg==}
    engines: {node: '>=6'}

  patch-console@2.0.0:
    resolution: {integrity: sha512-0YNdUceMdaQwoKce1gatDScmMo5pu/tfABfnzEqeG0gtTmd7mh/WcwgUjtAeOU7N8nFFlbQBnFK2gXW5fGvmMA==}
    engines: {node: ^12.20.0 || ^14.13.1 || >=16.0.0}

  pkg-prebuilds@1.0.0:
    resolution: {integrity: sha512-D9wlkXZCmjxj2kBHTw3fGSyjoahr33breGBoJcoezpi7ouYS59DJVOHMZ+dgqacSrZiJo4qtkXxLQTE+BqXJmQ==}
    engines: {node: '>= 14.15.0'}
    hasBin: true

  react-reconciler@0.29.2:
    resolution: {integrity: sha512-zZQqIiYgDCTP/f1N/mAR10nJGrPD2ZR+jDSEsKWJHYC7Cm2wodlwbR3upZRdC3cjIjSlTLNVyO7Iu0Yy7t2AYg==}
    engines: {node: '>=0.10.0'}
    peerDependencies:
      react: ^18.3.1

  react@18.3.1:
    resolution: {integrity: sha512-wS+hAgJShR0KhEvPJArfuPVN1+Hz1t0Y6n5jLrGQbkb4urgPE/0Rve+1kMB1v/oWgHgm4WIcV+i7F2pTVj+2iQ==}
    engines: {node: '>=0.10.0'}

  require-directory@2.1.1:
    resolution: {integrity: sha512-fGxEI7+wsG9xrvdjsrlmL22OMTTiHRwAMroiEeMgq8gzoLC/PQr7RsRDSTLUg/bZAZtF+TVIkHc6/4RIKrui+Q==}
    engines: {node: '>=0.10.0'}

  restore-cursor@4.0.0:
    resolution: {integrity: sha512-I9fPXU9geO9bHOt9pHHOhOkYerIMsmVaWB0rA2AI9ERh/+x/i7MV5HKBNrg+ljO5eoPVgCcnFuRjJ9uH6I/3eg==}
    engines: {node: ^12.20.0 || ^14.13.1 || >=16.0.0}

  scheduler@0.23.2:
    resolution: {integrity: sha512-UOShsPwz7NrMUqhR6t0hWjFduvOzbtv7toDH1/hIrfRNIDBnnBWd0CwJTGvTpngVlmwGCdP9/Zl/tVrDqcuYzQ==}

  signal-exit@3.0.7:
    resolution: {integrity: sha512-wnD2ZE+l+SPC/uoS0vXeE9L1+0wuaMqKlfz9AMUo38JsyLSBWSFcHR1Rri62LZc12vLr1gb3jl7iwQhgwpAbGQ==}

  slice-ansi@5.0.0:
    resolution: {integrity: sha512-FC+lgizVPfie0kkhqUScwRu1O/lF6NOgJmlCgK+/LYxDCTk8sGelYaHDhFcDN+Sn3Cv+3VSa4Byeo+IMCzpMgQ==}
    engines: {node: '>=12'}

  slice-ansi@6.0.0:
    resolution: {integrity: sha512-6bn4hRfkTvDfUoEQYkERg0BVF1D0vrX9HEkMl08uDiNWvVvjylLHvZFZWkDo6wjT8tUctbYl1nCOuE66ZTaUtA==}
    engines: {node: '>=14.16'}

  stack-utils@2.0.6:
    resolution: {integrity: sha512-XlkWvfIm6RmsWtNJx+uqtKLS8eqFbxUg0ZzLXqY0caEy9l7hruX8IpiDnjsLavoBgqCCR71TqWO8MaXYheJ3RQ==}
    engines: {node: '>=10'}

  string-width@4.2.3:
    resolution: {integrity: sha512-wKyQRQpjJ0sIp62ErSZdGsjMJWsap5oRNihHhu6G7JVO/9jIB6UyevL+tXuOqrng8j/cxKTWyWUwvSTriiZz/g==}
    engines: {node: '>=8'}

  string-width@5.1.2:
    resolution: {integrity: sha512-HnLOCR3vjcY8beoNLtcjZ5/nxn2afmME6lhrDrebokqMap+XbeW8n9TXpPDOqdGK5qcI3oT0GKTW6wC7EMiVqA==}
    engines: {node: '>=12'}

  strip-ansi@6.0.1:
    resolution: {integrity: sha512-Y38VPSHcqkFrCpFnQ9vuSXmquuv5oXOKpGeT6aGrr3o3Gc9AlVa6JBfUSOCnbxGGZF+/0ooI7KrPuUSztUdU5A==}
    engines: {node: '>=8'}

  strip-ansi@7.1.0:
    resolution: {integrity: sha512-iq6eVVI64nQQTRYq2KtEg2d2uU7LElhTJwsH4YzIHZshxlgZms/wIc4VoDQTlG/IvVIrBKG06CrZnp0qv7hkcQ==}
    engines: {node: '>=12'}

  tslib@2.8.1:
    resolution: {integrity: sha512-oJFu94HQb+KVduSUQL7wnpmqnfmLsOA/nAh6b6EH0wCEoK0/mPeXU6c3wKDV83MkOuHPRHtSXKKU99IBazS/2w==}

  type-fest@0.12.0:
    resolution: {integrity: sha512-53RyidyjvkGpnWPMF9bQgFtWp+Sl8O2Rp13VavmJgfAP9WWG6q6TkrKU8iyJdnwnfgHI6k2hTlgqH4aSdjoTbg==}
    engines: {node: '>=10'}

  type-fest@3.13.1:
    resolution: {integrity: sha512-tLq3bSNx+xSpwvAJnzrK0Ep5CLNWjvFTOp71URMaAEWBfRb9nnJiBoUe0tF8bI4ZFO3omgBR6NvnbzVUT3Ly4g==}
    engines: {node: '>=14.16'}

  typescript@5.7.3:
    resolution: {integrity: sha512-84MVSjMEHP+FQRPy3pX9sTVV/INIex71s9TL2Gm5FG/WG1SqXeKyZ0k7/blY/4FdOzI12CBy1vGc4og/eus0fw==}
    engines: {node: '>=14.17'}
    hasBin: true

  undici-types@6.19.8:
    resolution: {integrity: sha512-ve2KP6f/JnbPBFyobGHuerC9g1FYGn/F8n1LWTwNxCEzd6IfqTwUQcNXgEtmmQ6DlRrC1hrSrBnCZPokRrDHjw==}

  widest-line@4.0.1:
    resolution: {integrity: sha512-o0cyEG0e8GPzT4iGHphIOh0cJOV8fivsXxddQasHPHfoZf1ZexrfeA21w2NaEN1RHE+fXlfISmOE8R9N3u3Qig==}
    engines: {node: '>=12'}

  wrap-ansi@7.0.0:
    resolution: {integrity: sha512-YVGIj2kamLSTxw6NsZjoBxfSwsn0ycdesmc4p+Q21c5zPuZ1pl+NfxVdxPtdHvmNVOQ6XSYG4AUtyt/Fi7D16Q==}
    engines: {node: '>=10'}

  wrap-ansi@8.1.0:
    resolution: {integrity: sha512-si7QWI6zUMq56bESFvagtmzMdGOtoxfR+Sez11Mobfc7tm+VkUckk9bW2UeffTGVUbOksxmSw0AA2gs8g71NCQ==}
    engines: {node: '>=12'}

  ws@8.18.0:
    resolution: {integrity: sha512-8VbfWfHLbbwu3+N6OKsOMpBdT4kXPDDB9cJk2bJ6mh9ucxdlnNvH1e+roYkKmN9Nxw2yjz7VzeO9oOz2zJ04Pw==}
    engines: {node: '>=10.0.0'}
    peerDependencies:
      bufferutil: ^4.0.1
      utf-8-validate: '>=5.0.2'
    peerDependenciesMeta:
      bufferutil:
        optional: true
      utf-8-validate:
        optional: true

  y18n@5.0.8:
    resolution: {integrity: sha512-0pfFzegeDWJHJIAmTLRP2DwHjdF5s7jo9tuztdQxAhINCdvS+3nGINqPd00AphqJR/0LhANUS6/+7SCb98YOfA==}
    engines: {node: '>=10'}

  yargs-parser@21.1.1:
    resolution: {integrity: sha512-tVpsJW7DdjecAiFpbIB1e3qxIQsE6NoPc5/eTdrbbIC4h0LVsWhnoa3g+m2HclBIujHzsxZ4VJVA+GUuc2/LBw==}
    engines: {node: '>=12'}

  yargs@17.7.2:
    resolution: {integrity: sha512-7dSzzRQ++CKnNI/krKnYRV7JKKPUXMEh61soaHKg9mrWEhzFWhFnxPxGl+69cD1Ou63C13NUPCnmIcrvqCuM6w==}
    engines: {node: '>=12'}

  yoga-wasm-web@0.3.3:
    resolution: {integrity: sha512-N+d4UJSJbt/R3wqY7Coqs5pcV0aUj2j9IaQ3rNj9bVCLld8tTGKRa2USARjnvZJWVx1NDmQev8EknoczaOQDOA==}

snapshots:

  '@alcalzone/ansi-tokenize@0.1.3':
    dependencies:
      ansi-styles: 6.2.1
      is-fullwidth-code-point: 4.0.0

  '@types/node-hid@1.3.4':
    dependencies:
      '@types/node': 20.17.17

  '@types/node@20.17.17':
    dependencies:
      undici-types: 6.19.8

  '@types/prop-types@15.7.14': {}

  '@types/react@18.3.18':
    dependencies:
      '@types/prop-types': 15.7.14
      csstype: 3.1.3

  ansi-escapes@6.2.1: {}

  ansi-regex@5.0.1: {}

  ansi-regex@6.1.0: {}

  ansi-styles@4.3.0:
    dependencies:
      color-convert: 2.0.1

  ansi-styles@6.2.1: {}

  arr-rotate@1.0.0: {}

  auto-bind@5.0.1: {}

  chalk@5.4.1: {}

  ci-info@3.9.0: {}

  cli-boxes@3.0.0: {}

  cli-cursor@4.0.0:
    dependencies:
      restore-cursor: 4.0.0

  cli-spinners@2.9.2: {}

  cli-truncate@3.1.0:
    dependencies:
      slice-ansi: 5.0.0
      string-width: 5.1.2

  cliui@8.0.1:
    dependencies:
      string-width: 4.2.3
      strip-ansi: 6.0.1
      wrap-ansi: 7.0.0

  code-excerpt@4.0.0:
    dependencies:
      convert-to-spaces: 2.0.1

  color-convert@2.0.1:
    dependencies:
      color-name: 1.1.4

  color-name@1.1.4: {}

  commander@13.1.0: {}

  convert-to-spaces@2.0.1: {}

  csstype@3.1.3: {}

  eastasianwidth@0.2.0: {}

  emoji-regex@8.0.0: {}

  emoji-regex@9.2.2: {}

  escalade@3.2.0: {}

  escape-string-regexp@2.0.0: {}

  escape-string-regexp@5.0.0: {}

  figures@5.0.0:
    dependencies:
      escape-string-regexp: 5.0.0
      is-unicode-supported: 1.3.0

  get-caller-file@2.0.5: {}

  indent-string@5.0.0: {}

  ink-select-input@5.0.0(ink@4.4.1(@types/react@18.3.18)(react@18.3.1))(react@18.3.1):
    dependencies:
      arr-rotate: 1.0.0
      figures: 5.0.0
      ink: 4.4.1(@types/react@18.3.18)(react@18.3.1)
      lodash.isequal: 4.5.0
      react: 18.3.1

  ink-spinner@5.0.0(ink@4.4.1(@types/react@18.3.18)(react@18.3.1))(react@18.3.1):
    dependencies:
      cli-spinners: 2.9.2
      ink: 4.4.1(@types/react@18.3.18)(react@18.3.1)
      react: 18.3.1

  ink-text-input@5.0.1(ink@4.4.1(@types/react@18.3.18)(react@18.3.1))(react@18.3.1):
    dependencies:
      chalk: 5.4.1
      ink: 4.4.1(@types/react@18.3.18)(react@18.3.1)
      react: 18.3.1
      type-fest: 3.13.1

  ink@4.4.1(@types/react@18.3.18)(react@18.3.1):
    dependencies:
      '@alcalzone/ansi-tokenize': 0.1.3
      ansi-escapes: 6.2.1
      auto-bind: 5.0.1
      chalk: 5.4.1
      cli-boxes: 3.0.0
      cli-cursor: 4.0.0
      cli-truncate: 3.1.0
      code-excerpt: 4.0.0
      indent-string: 5.0.0
      is-ci: 3.0.1
      is-lower-case: 2.0.2
      is-upper-case: 2.0.2
      lodash: 4.17.21
      patch-console: 2.0.0
      react: 18.3.1
      react-reconciler: 0.29.2(react@18.3.1)
      scheduler: 0.23.2
      signal-exit: 3.0.7
      slice-ansi: 6.0.0
      stack-utils: 2.0.6
      string-width: 5.1.2
      type-fest: 0.12.0
      widest-line: 4.0.1
      wrap-ansi: 8.1.0
      ws: 8.18.0
      yoga-wasm-web: 0.3.3
    optionalDependencies:
      '@types/react': 18.3.18
    transitivePeerDependencies:
      - bufferutil
      - utf-8-validate

  is-ci@3.0.1:
    dependencies:
      ci-info: 3.9.0

  is-fullwidth-code-point@3.0.0: {}

  is-fullwidth-code-point@4.0.0: {}

  is-lower-case@2.0.2:
    dependencies:
      tslib: 2.8.1

  is-unicode-supported@1.3.0: {}

  is-upper-case@2.0.2:
    dependencies:
      tslib: 2.8.1

  js-tokens@4.0.0: {}

  lodash.isequal@4.5.0: {}

  lodash@4.17.21: {}

  loose-envify@1.4.0:
    dependencies:
      js-tokens: 4.0.0

  mimic-fn@2.1.0: {}

  node-addon-api@3.2.1: {}

  node-hid@3.1.2:
    dependencies:
      node-addon-api: 3.2.1
      pkg-prebuilds: 1.0.0

  onetime@5.1.2:
    dependencies:
      mimic-fn: 2.1.0

  patch-console@2.0.0: {}

  pkg-prebuilds@1.0.0:
    dependencies:
      yargs: 17.7.2

  react-reconciler@0.29.2(react@18.3.1):
    dependencies:
      loose-envify: 1.4.0
      react: 18.3.1
      scheduler: 0.23.2

  react@18.3.1:
    dependencies:
      loose-envify: 1.4.0

  require-directory@2.1.1: {}

  restore-cursor@4.0.0:
    dependencies:
      onetime: 5.1.2
      signal-exit: 3.0.7

  scheduler@0.23.2:
    dependencies:
      loose-envify: 1.4.0

  signal-exit@3.0.7: {}

  slice-ansi@5.0.0:
    dependencies:
      ansi-styles: 6.2.1
      is-fullwidth-code-point: 4.0.0

  slice-ansi@6.0.0:
    dependencies:
      ansi-styles: 6.2.1
      is-fullwidth-code-point: 4.0.0

  stack-utils@2.0.6:
    dependencies:
      escape-string-regexp: 2.0.0

  string-width@4.2.3:
    dependencies:
      emoji-regex: 8.0.0
      is-fullwidth-code-point: 3.0.0
      strip-ansi: 6.0.1

  string-width@5.1.2:
    dependencies:
      eastasianwidth: 0.2.0
      emoji-regex: 9.2.2
      strip-ansi: 7.1.0

  strip-ansi@6.0.1:
    dependencies:
      ansi-regex: 5.0.1

  strip-ansi@7.1.0:
    dependencies:
      ansi-regex: 6.1.0

  tslib@2.8.1: {}

  type-fest@0.12.0: {}

  type-fest@3.13.1: {}

  typescript@5.7.3: {}

  undici-types@6.19.8: {}

  widest-line@4.0.1:
    dependencies:
      string-width: 5.1.2

  wrap-ansi@7.0.0:
    dependencies:
      ansi-styles: 4.3.0
      string-width: 4.2.3
      strip-ansi: 6.0.1

  wrap-ansi@8.1.0:
    dependencies:
      ansi-styles: 6.2.1
      string-width: 5.1.2
      strip-ansi: 7.1.0

  ws@8.18.0: {}

  y18n@5.0.8: {}

  yargs-parser@21.1.1: {}

  yargs@17.7.2:
    dependencies:
      cliui: 8.0.1
      escalade: 3.2.0
      get-caller-file: 2.0.5
      require-directory: 2.1.1
      string-width: 4.2.3
      y18n: 5.0.8
      yargs-parser: 21.1.1

  yoga-wasm-web@0.3.3: {}
